
Microsoft Visual Studio Solution File, Format Version 12.00
# Visual Studio Version 16
VisualStudioVersion = 16.0.32901.82
MinimumVisualStudioVersion = 10.0.40219.1
Project("{FAE04EC0-301F-11D3-BF4B-00C04F79EFBC}") = "Interfaz", "Interfaz.csproj", "{65E2E79E-64C4-466F-9881-E2E114388DA3}"
EndProject
Global
	GlobalSection(SolutionConfigurationPlatforms) = preSolution
		Debug|Any CPU = Debug|Any CPU
		Release|Any CPU = Release|Any CPU
	EndGlobalSection
	GlobalSection(ProjectConfigurationPlatforms) = postSolution
		{65E2E79E-64C4-466F-9881-E2E114388DA3}.Debug|Any CPU.ActiveCfg = Debug|Any CPU
		{65E2E79E-64C4-466F-9881-E2E114388DA3}.Debug|Any CPU.Build.0 = Debug|Any CPU
		{65E2E79E-64C4-466F-9881-E2E114388DA3}.Release|Any CPU.ActiveCfg = Release|Any CPU
		{65E2E79E-64C4-466F-9881-E2E114388DA3}.Release|Any CPU.Build.0 = Release|Any CPU
	EndGlobalSection
	GlobalSection(SolutionProperties) = preSolution
		HideSolutionNode = FALSE
	EndGlobalSection
	GlobalSection(ExtensibilityGlobals) = postSolution
		SolutionGuid = {8B686AE5-ED49-44A2-959A-D88DA4BD2C66}
	EndGlobalSection
EndGlobal
